
Microsoft Visual Studio Solution File, Format Version 12.00
# Visual Studio 2013
VisualStudioVersion = 12.0.30501.0
MinimumVisualStudioVersion = 10.0.40219.1
Project("{8BC9CEB8-8B4A-11D0-8D11-00A0C91BC942}") = "Project_9_6", "Project_9_6\Project_9_6.vcxproj", "{570DDE8C-0F6A-4310-A126-9CA3174AC403}"
EndProject
Global
	GlobalSection(SolutionConfigurationPlatforms) = preSolution
		Debug|Win32 = Debug|Win32
		Release|Win32 = Release|Win32
	EndGlobalSection
	GlobalSection(ProjectConfigurationPlatforms) = postSolution
		{570DDE8C-0F6A-4310-A126-9CA3174AC403}.Debug|Win32.ActiveCfg = Debug|Win32
		{570DDE8C-0F6A-4310-A126-9CA3174AC403}.Debug|Win32.Build.0 = Debug|Win32
		{570DDE8C-0F6A-4310-A126-9CA3174AC403}.Release|Win32.ActiveCfg = Release|Win32
		{570DDE8C-0F6A-4310-A126-9CA3174AC403}.Release|Win32.Build.0 = Release|Win32
	EndGlobalSection
	GlobalSection(SolutionProperties) = preSolution
		HideSolutionNode = FALSE
	EndGlobalSection
EndGlobal
