
Microsoft Visual Studio Solution File, Format Version 12.00
# Visual Studio 2013
VisualStudioVersion = 12.0.30501.0
MinimumVisualStudioVersion = 10.0.40219.1
Project("{8BC9CEB8-8B4A-11D0-8D11-00A0C91BC942}") = "Project_8_17", "Project_8_17\Project_8_17.vcxproj", "{7543ABC6-8B82-40EA-8444-03C1E6AFDA47}"
EndProject
Global
	GlobalSection(SolutionConfigurationPlatforms) = preSolution
		Debug|Win32 = Debug|Win32
		Release|Win32 = Release|Win32
	EndGlobalSection
	GlobalSection(ProjectConfigurationPlatforms) = postSolution
		{7543ABC6-8B82-40EA-8444-03C1E6AFDA47}.Debug|Win32.ActiveCfg = Debug|Win32
		{7543ABC6-8B82-40EA-8444-03C1E6AFDA47}.Debug|Win32.Build.0 = Debug|Win32
		{7543ABC6-8B82-40EA-8444-03C1E6AFDA47}.Release|Win32.ActiveCfg = Release|Win32
		{7543ABC6-8B82-40EA-8444-03C1E6AFDA47}.Release|Win32.Build.0 = Release|Win32
	EndGlobalSection
	GlobalSection(SolutionProperties) = preSolution
		HideSolutionNode = FALSE
	EndGlobalSection
EndGlobal
